
Microsoft Visual Studio Solution File, Format Version 12.00
# Visual Studio 15
VisualStudioVersion = 15.0.26403.7
MinimumVisualStudioVersion = 10.0.40219.1
Project("{FAE04EC0-301F-11D3-BF4B-00C04F79EFBC}") = "StudentManagementSystem", "StudentManagementSystem\StudentManagementSystem.csproj", "{E841203E-5E0E-40A8-ADB8-354EF438FB15}"
EndProject
Project("{FAE04EC0-301F-11D3-BF4B-00C04F79EFBC}") = "DataAccesLayer", "DAL\DataAccesLayer.csproj", "{DBA0D223-5A7B-4372-A78E-7D81856F3696}"
EndProject
Project("{FAE04EC0-301F-11D3-BF4B-00C04F79EFBC}") = "StudentManagementAPI", "StudentManagementAPI\StudentManagementAPI.csproj", "{33949566-97AD-4FF7-A6E8-22302FE13455}"
EndProject
Global
	GlobalSection(SolutionConfigurationPlatforms) = preSolution
		Debug|Any CPU = Debug|Any CPU
		Release|Any CPU = Release|Any CPU
	EndGlobalSection
	GlobalSection(ProjectConfigurationPlatforms) = postSolution
		{E841203E-5E0E-40A8-ADB8-354EF438FB15}.Debug|Any CPU.ActiveCfg = Debug|Any CPU
		{E841203E-5E0E-40A8-ADB8-354EF438FB15}.Debug|Any CPU.Build.0 = Debug|Any CPU
		{E841203E-5E0E-40A8-ADB8-354EF438FB15}.Release|Any CPU.ActiveCfg = Release|Any CPU
		{E841203E-5E0E-40A8-ADB8-354EF438FB15}.Release|Any CPU.Build.0 = Release|Any CPU
		{DBA0D223-5A7B-4372-A78E-7D81856F3696}.Debug|Any CPU.ActiveCfg = Debug|Any CPU
		{DBA0D223-5A7B-4372-A78E-7D81856F3696}.Debug|Any CPU.Build.0 = Debug|Any CPU
		{DBA0D223-5A7B-4372-A78E-7D81856F3696}.Release|Any CPU.ActiveCfg = Release|Any CPU
		{DBA0D223-5A7B-4372-A78E-7D81856F3696}.Release|Any CPU.Build.0 = Release|Any CPU
		{33949566-97AD-4FF7-A6E8-22302FE13455}.Debug|Any CPU.ActiveCfg = Debug|Any CPU
		{33949566-97AD-4FF7-A6E8-22302FE13455}.Debug|Any CPU.Build.0 = Debug|Any CPU
		{33949566-97AD-4FF7-A6E8-22302FE13455}.Release|Any CPU.ActiveCfg = Release|Any CPU
		{33949566-97AD-4FF7-A6E8-22302FE13455}.Release|Any CPU.Build.0 = Release|Any CPU
	EndGlobalSection
	GlobalSection(SolutionProperties) = preSolution
		HideSolutionNode = FALSE
	EndGlobalSection
EndGlobal
